<?xml version="1.0" encoding="utf-8"?>
<Project ToolsVersion="4.0" xmlns="http://schemas.microsoft.com/developer/msbuild/2003">
  <ItemGroup>
    <Filter Include="Source Files">
      <UniqueIdentifier>{4FC737F1-C7A5-4376-A066-2A32D752A2FF}</UniqueIdentifier>
      <Extensions>cpp;c;cc;cxx;def;odl;idl;hpj;bat;asm;asmx</Extensions>
    </Filter>
    <Filter Include="Resource Files">
      <UniqueIdentifier>{67DA6AB6-F800-4c08-8B7A-83BB121AAD01}</UniqueIdentifier>
      <Extensions>rc;ico;cur;bmp;dlg;rc2;rct;bin;rgs;gif;jpg;jpeg;jpe;resx;tiff;tif;png;wav;mfcribbon-ms</Extensions>
    </Filter>
    <Filter Include="Source Files\map">
      <UniqueIdentifier>{db893cae-f7df-4282-a000-4b67dc9a9907}</UniqueIdentifier>
    </Filter>
    <Filter Include="Source Files\sound">
      <UniqueIdentifier>{ccf3d82a-c411-4e50-9e29-426d1850d0cd}</UniqueIdentifier>
    </Filter>
    <Filter Include="Source Files\math">
      <UniqueIdentifier>{59436b62-5b76-4538-b9ba-ca28b2da7717}</UniqueIdentifier>
    </Filter>
    <Filter Include="Source Files\ai">
      <UniqueIdentifier>{a5316a51-be59-4524-a2b7-292e840680c0}</UniqueIdentifier>
    </Filter>
    <Filter Include="Source Files\utilities">
      <UniqueIdentifier>{abaa5bd3-e17d-45cb-a6a7-d65b293bd9c7}</UniqueIdentifier>
    </Filter>
    <Filter Include="Source Files\graphic">
      <UniqueIdentifier>{a45268dc-8c10-4b2b-bc27-75e26e7390c8}</UniqueIdentifier>
    </Filter>
    <Filter Include="Source Files\gamestates">
      <UniqueIdentifier>{f1a7ff58-6a35-4f6d-b221-851d6188af4e}</UniqueIdentifier>
    </Filter>
    <Filter Include="Source Files\generator">
      <UniqueIdentifier>{44d62495-6c73-4fc7-9c2f-03c7a71ebffc}</UniqueIdentifier>
    </Filter>
    <Filter Include="Source Files\soundtest">
      <UniqueIdentifier>{4ba99ff7-9e06-4fb7-906d-124ac762811c}</UniqueIdentifier>
    </Filter>
  </ItemGroup>
  <ItemGroup>
    <ClCompile Include="src\main.cpp">
      <Filter>Source Files</Filter>
    </ClCompile>
    <ClCompile Include="src\map\map.cpp">
      <Filter>Source Files\map</Filter>
    </ClCompile>
    <ClCompile Include="src\sound\sounddevice.cpp">
      <Filter>Source Files\sound</Filter>
    </ClCompile>
    <ClCompile Include="src\sound\sound.cpp">
      <Filter>Source Files\sound</Filter>
    </ClCompile>
    <ClCompile Include="src\ai\GameObject.cpp">
      <Filter>Source Files\ai</Filter>
    </ClCompile>
    <ClCompile Include="src\graphic\device.cpp">
      <Filter>Source Files\graphic</Filter>
    </ClCompile>
    <ClCompile Include="src\gamestates\Menu.cpp">
      <Filter>Source Files\gamestates</Filter>
    </ClCompile>
    <ClCompile Include="src\graphic\RenderTarget.cpp">
      <Filter>Source Files\graphic</Filter>
    </ClCompile>
    <ClCompile Include="src\graphic\Shader.cpp">
      <Filter>Source Files\graphic</Filter>
    </ClCompile>
    <ClCompile Include="src\graphic\Vertex.cpp">
      <Filter>Source Files\graphic</Filter>
    </ClCompile>
    <ClCompile Include="src\gamestates\Ingame.cpp">
      <Filter>Source Files\gamestates</Filter>
    </ClCompile>
    <ClCompile Include="src\graphic\UniformBuffer.cpp">
      <Filter>Source Files\graphic</Filter>
    </ClCompile>
    <ClCompile Include="src\ai\Enemy.cpp">
      <Filter>Source Files\ai</Filter>
    </ClCompile>
    <ClCompile Include="src\graphic\TransfromFeedbackBuffer.cpp">
      <Filter>Source Files\graphic</Filter>
    </ClCompile>
    <ClCompile Include="src\graphic\VertexBuffer.cpp">
      <Filter>Source Files\graphic</Filter>
    </ClCompile>
    <ClCompile Include="src\graphic\PhotonMapper.cpp">
      <Filter>Source Files\graphic</Filter>
    </ClCompile>
    <ClCompile Include="src\generator\Random.cpp">
      <Filter>Source Files\generator</Filter>
    </ClCompile>
    <ClCompile Include="src\soundtest\note.cpp">
      <Filter>Source Files\soundtest</Filter>
    </ClCompile>
    <ClCompile Include="src\soundtest\melody.cpp">
      <Filter>Source Files\soundtest</Filter>
    </ClCompile>
    <ClCompile Include="src\soundtest\signal.cpp">
      <Filter>Source Files\soundtest</Filter>
    </ClCompile>
    <ClCompile Include="src\soundtest\song.cpp">
      <Filter>Source Files\soundtest</Filter>
    </ClCompile>
    <ClCompile Include="src\soundtest\soundmanager.cpp">
      <Filter>Source Files\soundtest</Filter>
    </ClCompile>
  </ItemGroup>
  <ItemGroup>
    <ClInclude Include="src\map\map.hpp">
      <Filter>Source Files\map</Filter>
    </ClInclude>
    <ClInclude Include="src\sound\sound.hpp">
      <Filter>Source Files\sound</Filter>
    </ClInclude>
    <ClInclude Include="src\sound\sounddevice.hpp">
      <Filter>Source Files\sound</Filter>
    </ClInclude>
    <ClInclude Include="src\predecl.hpp">
      <Filter>Source Files</Filter>
    </ClInclude>
    <ClInclude Include="src\math\vec2.hpp">
      <Filter>Source Files\math</Filter>
    </ClInclude>
    <ClInclude Include="src\math\vec3.hpp">
      <Filter>Source Files\math</Filter>
    </ClInclude>
    <ClInclude Include="src\math\math.hpp">
      <Filter>Source Files\math</Filter>
    </ClInclude>
    <ClInclude Include="src\ai\GameObject.hpp">
      <Filter>Source Files\ai</Filter>
    </ClInclude>
    <ClInclude Include="src\utilities\smalldynarray.hpp">
      <Filter>Source Files\utilities</Filter>
    </ClInclude>
    <ClInclude Include="src\graphic\device.hpp">
      <Filter>Source Files\graphic</Filter>
    </ClInclude>
    <ClInclude Include="src\gamestates\Menu.hpp">
      <Filter>Source Files\gamestates</Filter>
    </ClInclude>
    <ClInclude Include="src\gamestates\GameState.hpp">
      <Filter>Source Files\gamestates</Filter>
    </ClInclude>
    <ClInclude Include="src\math\Circle.hpp">
      <Filter>Source Files\math</Filter>
    </ClInclude>
    <ClInclude Include="src\graphic\RenderTarget.hpp">
      <Filter>Source Files\graphic</Filter>
    </ClInclude>
    <ClInclude Include="src\graphic\Shader.hpp">
      <Filter>Source Files\graphic</Filter>
    </ClInclude>
    <ClInclude Include="src\graphic\Vertex.hpp">
      <Filter>Source Files\graphic</Filter>
    </ClInclude>
    <ClInclude Include="src\gamestates\Ingame.hpp">
      <Filter>Source Files\gamestates</Filter>
    </ClInclude>
    <ClInclude Include="src\graphic\UniformBuffer.hpp">
      <Filter>Source Files\graphic</Filter>
    </ClInclude>
    <ClInclude Include="src\graphic\TransformFeedbackBuffer.hpp">
      <Filter>Source Files\graphic</Filter>
    </ClInclude>
    <ClInclude Include="src\ai\Enemy.hpp">
      <Filter>Source Files\ai</Filter>
    </ClInclude>
    <ClInclude Include="src\graphic\VertexBuffer.hpp">
      <Filter>Source Files\graphic</Filter>
    </ClInclude>
    <ClInclude Include="src\graphic\PhotonMapper.hpp">
      <Filter>Source Files\graphic</Filter>
    </ClInclude>
    <ClInclude Include="src\generator\Random.hpp">
      <Filter>Source Files\generator</Filter>
    </ClInclude>
    <ClInclude Include="src\soundtest\note.hpp">
      <Filter>Source Files\soundtest</Filter>
    </ClInclude>
    <ClInclude Include="src\soundtest\melody.hpp">
      <Filter>Source Files\soundtest</Filter>
    </ClInclude>
    <ClInclude Include="src\soundtest\signal.hpp">
      <Filter>Source Files\soundtest</Filter>
    </ClInclude>
    <ClInclude Include="src\soundtest\song.hpp">
      <Filter>Source Files\soundtest</Filter>
    </ClInclude>
    <ClInclude Include="src\soundtest\soundmanager.hpp">
      <Filter>Source Files\soundtest</Filter>
    </ClInclude>
  </ItemGroup>
</Project>